
Microsoft Visual Studio Solution File, Format Version 12.00
# Visual Studio 15
VisualStudioVersion = 15.0.28307.705
MinimumVisualStudioVersion = 10.0.40219.1
Project("{FAE04EC0-301F-11D3-BF4B-00C04F79EFBC}") = "BioinfProjekt", "BioinfProjekt\BioinfProjekt.csproj", "{F668EE4D-F150-4EC5-84C9-A4AFBC865390}"
EndProject
Global
	GlobalSection(SolutionConfigurationPlatforms) = preSolution
		Debug|Any CPU = Debug|Any CPU
		Release|Any CPU = Release|Any CPU
	EndGlobalSection
	GlobalSection(ProjectConfigurationPlatforms) = postSolution
		{F668EE4D-F150-4EC5-84C9-A4AFBC865390}.Debug|Any CPU.ActiveCfg = Debug|Any CPU
		{F668EE4D-F150-4EC5-84C9-A4AFBC865390}.Debug|Any CPU.Build.0 = Debug|Any CPU
		{F668EE4D-F150-4EC5-84C9-A4AFBC865390}.Release|Any CPU.ActiveCfg = Release|Any CPU
		{F668EE4D-F150-4EC5-84C9-A4AFBC865390}.Release|Any CPU.Build.0 = Release|Any CPU
	EndGlobalSection
	GlobalSection(SolutionProperties) = preSolution
		HideSolutionNode = FALSE
	EndGlobalSection
	GlobalSection(ExtensibilityGlobals) = postSolution
		SolutionGuid = {67945D98-566B-4C79-BACD-00CE23FB74F7}
	EndGlobalSection
EndGlobal
